{
  "name": "hss.js",
  "version": "0.1.1",
  "lockfileVersion": 2,
  "requires": true,
  "packages": {
    "": {
      "name": "hss.js",
      "version": "0.1.1",
      "license": "MIT",
      "dependencies": {
        "string-length": "^5.0.1"
      },
      "devDependencies": {
        "tentamen": "^0.4.1"
      }
    },
    "node_modules/ansi-regex": {
      "version": "6.0.1",
      "resolved": "https://registry.npmjs.org/ansi-regex/-/ansi-regex-6.0.1.tgz",
      "integrity": "sha512-n5M855fKb2SsfMIiFFoVrABHJC8QtHwVx+mHWP3QcEqBHYienj5dHSgjbxtC0WEZXYt4wcD6zrQElDPhFuZgfA==",
      "engines": {
        "node": ">=12"
      },
      "funding": {
        "url": "https://github.com/chalk/ansi-regex?sponsor=1"
      }
    },
    "node_modules/char-regex": {
      "version": "2.0.1",
      "resolved": "https://registry.npmjs.org/char-regex/-/char-regex-2.0.1.tgz",
      "integrity": "sha512-oSvEeo6ZUD7NepqAat3RqoucZ5SeqLJgOvVIwkafu6IP3V0pO38s/ypdVUmDDK6qIIHNlYHJAKX9E7R7HoKElw==",
      "engines": {
        "node": ">=12.20"
      }
    },
    "node_modules/dequal": {
      "version": "2.0.3",
      "resolved": "https://registry.npmjs.org/dequal/-/dequal-2.0.3.tgz",
      "integrity": "sha512-0je+qPKHEMohvfRTCEo3CrPG6cAzAYgmzKyxRiYSSDkS6eGJdyVJm7WaYA5ECaAD9wLB2T4EEeymA5aFVcYXCA==",
      "dev": true,
      "engines": {
        "node": ">=6"
      }
    },
    "node_modules/picocolors": {
      "version": "1.0.0",
      "resolved": "https://registry.npmjs.org/picocolors/-/picocolors-1.0.0.tgz",
      "integrity": "sha512-1fygroTLlHu66zi26VoTDv8yRgm0Fccecssto+MhsZ0D/DGW2sm8E8AjW7NU5VVTRt5GxbeZ5qBuJr+HyLYkjQ==",
      "dev": true
    },
    "node_modules/string-length": {
      "version": "5.0.1",
      "resolved": "https://registry.npmjs.org/string-length/-/string-length-5.0.1.tgz",
      "integrity": "sha512-9Ep08KAMUn0OadnVaBuRdE2l615CQ508kr0XMadjClfYpdCyvrbFp6Taebo8yyxokQ4viUd/xPPUA4FGgUa0ow==",
      "dependencies": {
        "char-regex": "^2.0.0",
        "strip-ansi": "^7.0.1"
      },
      "engines": {
        "node": ">=12.20"
      },
      "funding": {
        "url": "https://github.com/sponsors/sindresorhus"
      }
    },
    "node_modules/strip-ansi": {
      "version": "7.0.1",
      "resolved": "https://registry.npmjs.org/strip-ansi/-/strip-ansi-7.0.1.tgz",
      "integrity": "sha512-cXNxvT8dFNRVfhVME3JAe98mkXDYN2O1l7jmcwMnOslDeESg1rF/OZMtK0nRAhiari1unG5cD4jG3rapUAkLbw==",
      "dependencies": {
        "ansi-regex": "^6.0.1"
      },
      "engines": {
        "node": ">=12"
      },
      "funding": {
        "url": "https://github.com/chalk/strip-ansi?sponsor=1"
      }
    },
    "node_modules/tentamen": {
      "version": "0.4.1",
      "resolved": "https://registry.npmjs.org/tentamen/-/tentamen-0.4.1.tgz",
      "integrity": "sha512-NcMBMp8rW8sx+7fejzpkB/DVBrqvGqXQ9W05uc0G0bXklo5F41hALJBrLjbc/rkQtDMbY2lFdv0kBSOWsW1Hvw==",
      "dev": true,
      "dependencies": {
        "dequal": "^2.0.2",
        "picocolors": "^1.0.0"
      }
    }
  },
  "dependencies": {
    "ansi-regex": {
      "version": "6.0.1",
      "resolved": "https://registry.npmjs.org/ansi-regex/-/ansi-regex-6.0.1.tgz",
      "integrity": "sha512-n5M855fKb2SsfMIiFFoVrABHJC8QtHwVx+mHWP3QcEqBHYienj5dHSgjbxtC0WEZXYt4wcD6zrQElDPhFuZgfA=="
    },
    "char-regex": {
      "version": "2.0.1",
      "resolved": "https://registry.npmjs.org/char-regex/-/char-regex-2.0.1.tgz",
      "integrity": "sha512-oSvEeo6ZUD7NepqAat3RqoucZ5SeqLJgOvVIwkafu6IP3V0pO38s/ypdVUmDDK6qIIHNlYHJAKX9E7R7HoKElw=="
    },
    "dequal": {
      "version": "2.0.3",
      "resolved": "https://registry.npmjs.org/dequal/-/dequal-2.0.3.tgz",
      "integrity": "sha512-0je+qPKHEMohvfRTCEo3CrPG6cAzAYgmzKyxRiYSSDkS6eGJdyVJm7WaYA5ECaAD9wLB2T4EEeymA5aFVcYXCA==",
      "dev": true
    },
    "picocolors": {
      "version": "1.0.0",
      "resolved": "https://registry.npmjs.org/picocolors/-/picocolors-1.0.0.tgz",
      "integrity": "sha512-1fygroTLlHu66zi26VoTDv8yRgm0Fccecssto+MhsZ0D/DGW2sm8E8AjW7NU5VVTRt5GxbeZ5qBuJr+HyLYkjQ==",
      "dev": true
    },
    "string-length": {
      "version": "5.0.1",
      "resolved": "https://registry.npmjs.org/string-length/-/string-length-5.0.1.tgz",
      "integrity": "sha512-9Ep08KAMUn0OadnVaBuRdE2l615CQ508kr0XMadjClfYpdCyvrbFp6Taebo8yyxokQ4viUd/xPPUA4FGgUa0ow==",
      "requires": {
        "char-regex": "^2.0.0",
        "strip-ansi": "^7.0.1"
      }
    },
    "strip-ansi": {
      "version": "7.0.1",
      "resolved": "https://registry.npmjs.org/strip-ansi/-/strip-ansi-7.0.1.tgz",
      "integrity": "sha512-cXNxvT8dFNRVfhVME3JAe98mkXDYN2O1l7jmcwMnOslDeESg1rF/OZMtK0nRAhiari1unG5cD4jG3rapUAkLbw==",
      "requires": {
        "ansi-regex": "^6.0.1"
      }
    },
    "tentamen": {
      "version": "0.4.1",
      "resolved": "https://registry.npmjs.org/tentamen/-/tentamen-0.4.1.tgz",
      "integrity": "sha512-NcMBMp8rW8sx+7fejzpkB/DVBrqvGqXQ9W05uc0G0bXklo5F41hALJBrLjbc/rkQtDMbY2lFdv0kBSOWsW1Hvw==",
      "dev": true,
      "requires": {
        "dequal": "^2.0.2",
        "picocolors": "^1.0.0"
      }
    }
  }
}
